# This file is autogenerated, do not edit; changes may be undone by the next 'dep ensure'.


[[projects]]
  digest = "1:63365cc19727fc5f786d5d95079016b3601120c9699543abae2d5d0bff139109"
  name = "github.com/DATA-DOG/go-sqlmock"
  packages = ["."]
  pruneopts = "UT"
  revision = "7d7fc89ac4d6e7994c74cf16a6cb774b0374f2f9"
  version = "v1.4.1"

[[projects]]
  digest = "1:88dd2931d62c5e8e674a0edcfc571b9aa49caadba8c8f4dec43e0322c856d65e"
  name = "github.com/aws/aws-sdk-go"
  packages = [
    "aws",
    "aws/awserr",
    "aws/awsutil",
    "aws/client",
    "aws/client/metadata",
    "aws/corehandlers",
    "aws/credentials",
    "aws/credentials/ec2rolecreds",
    "aws/credentials/endpointcreds",
    "aws/credentials/processcreds",
    "aws/credentials/stscreds",
    "aws/csm",
    "aws/defaults",
    "aws/ec2metadata",
    "aws/endpoints",
    "aws/request",
    "aws/session",
    "aws/signer/v4",
    "internal/ini",
    "internal/sdkio",
    "internal/sdkrand",
    "internal/sdkuri",
    "internal/shareddefaults",
    "private/protocol",
    "private/protocol/json/jsonutil",
    "private/protocol/query",
    "private/protocol/query/queryutil",
    "private/protocol/rest",
    "private/protocol/xml/xmlutil",
    "service/cloudwatch",
    "service/sts",
    "service/sts/stsiface",
  ]
  pruneopts = "UT"
  revision = "3d64de9191c7cf300083c8ff3049bf079c5b67ba"
  version = "v1.21.3"

[[projects]]
  digest = "1:4a41f4ab25813f62cd33d80552ff77ba4b1aab628df82c22b6f34a41d8339b0b"
  name = "github.com/bgentry/que-go"
  packages = ["."]
  pruneopts = "UT"
  revision = "04623be4201ec7abb8d6cd0f172a4c612e216cc4"
  version = "v1.0.1"

[[projects]]
  digest = "1:fe9b15f080d19c215514056bae7589d6958821766fb5f5fceb9402ec9df2f736"
  name = "github.com/cenkalti/backoff"
  packages = ["."]
  pruneopts = "UT"
  revision = "18fe4ce5a8550e0d0919b680ad3c080a5455bddf"
  version = "v4.0.2"

[[projects]]
  digest = "1:a2c1d0e43bd3baaa071d1b9ed72c27d78169b2b269f71c105ac4ba34b1be4a39"
  name = "github.com/davecgh/go-spew"
  packages = ["spew"]
  pruneopts = "UT"
  revision = "346938d642f2ec3594ed81d874461961cd0faa76"
  version = "v1.1.0"

[[projects]]
  branch = "release_4_0_0"
  digest = "1:4eafcd2abd69154b2f4c708895e0212c5de8ee9a3021e1ef94786f2981a5be69"
  name = "github.com/dgrijalva/jwt-go"
  packages = ["."]
  pruneopts = "UT"
  revision = "3c771ce311b7f51c2fa84ef4438cce09c9984444"

[[projects]]
  branch = "master"
  digest = "1:2fc58ca4b2d3cae86a8c2f4f8ce48584f66772748bcba15cded6e12035abe820"
  name = "github.com/eug48/fhir"
  packages = [
    "models",
    "utils",
  ]
  pruneopts = "UT"
  revision = "838d5f216354b61d5d09b81ac9bd5d02a9022fe6"

[[projects]]
  branch = "master"
  digest = "1:f4d05f0ba7544c4a294bc5bc15de526ebab80ebc429467ad9d28e3aee8fd570c"
  name = "github.com/go-chi/chi"
  packages = [
    ".",
    "middleware",
  ]
  pruneopts = "UT"
  revision = "08c92af09aaf0e957a136435fad34a19496d3805"

[[projects]]
  digest = "1:54d7b4b9ab2bb2bae35b55eea900bc8fe15cba05a95fc78bf7fd7b82a9a07afa"
  name = "github.com/go-chi/render"
  packages = ["."]
  pruneopts = "UT"
  revision = "3215478343fbc559bd3fc08f7031bb134d6bdad5"
  version = "v1.0.1"

[[projects]]
  branch = "master"
  digest = "1:cddf81f7eefbb8bf6cf65fe56c3b3c01784d5ca2f133bd5adfc4912497b5176b"
  name = "github.com/influxdata/tdigest"
  packages = ["."]
  pruneopts = "UT"
  revision = "bf2b5ad3c0a925c44a0d2842c5d8182113cd248e"

[[projects]]
  digest = "1:e95ccab7a6a9b39ed25607a8334213fa8b88869d721ec87b56f102c516fca075"
  name = "github.com/jackc/pgx"
  packages = [
    ".",
    "chunkreader",
    "internal/sanitize",
    "pgio",
    "pgproto3",
    "pgtype",
  ]
  pruneopts = "UT"
  revision = "39bbc98d99d7b666759f84514859becf8067128f"

[[projects]]
  digest = "1:e40b74b04fa9a70ff39869139c9fd15ec9a9eefde3f51ef3b65405a60ce30e0e"
  name = "github.com/jinzhu/gorm"
  packages = [
    ".",
    "dialects/postgres",
  ]
  pruneopts = "UT"
  revision = "79a77d771dee4e4b60e9c543e8663bbc80466670"
  version = "v1.9.12"

[[projects]]
  branch = "master"
  digest = "1:fd97437fbb6b7dce04132cf06775bd258cce305c44add58eb55ca86c6c325160"
  name = "github.com/jinzhu/inflection"
  packages = ["."]
  pruneopts = "UT"
  revision = "04140366298a54a039076d798123ffa108fff46c"

[[projects]]
  digest = "1:bb81097a5b62634f3e9fec1014657855610c82d19b9a40c17612e32651e35dca"
  name = "github.com/jmespath/go-jmespath"
  packages = ["."]
  pruneopts = "UT"
  revision = "c2b33e84"

[[projects]]
  digest = "1:31e761d97c76151dde79e9d28964a812c46efc5baee4085b86f68f0c654450de"
  name = "github.com/konsorten/go-windows-terminal-sequences"
  packages = ["."]
  pruneopts = "UT"
  revision = "f55edac94c9bbba5d6182a4be46d86a2c9b5b50e"
  version = "v1.0.2"

[[projects]]
  digest = "1:2d370ad7a48d3523291ad53a04b9b1510c182880927f800b46221cc465427800"
  name = "github.com/lib/pq"
  packages = [
    ".",
    "hstore",
    "oid",
  ]
  pruneopts = "UT"
  revision = "90697d60dd844d5ef6ff15135d0203f65d2f53b8"

[[projects]]
  branch = "master"
  digest = "1:84a5a2b67486d5d67060ac393aa255d05d24ed5ee41daecd5635ec22657b6492"
  name = "github.com/mailru/easyjson"
  packages = [
    "buffer",
    "jlexer",
    "jwriter",
  ]
  pruneopts = "UT"
  revision = "60711f1a8329503b04e1c88535f419d0bb440bff"

[[projects]]
  digest = "1:01f60ec456e70c9be269902c08fa189a9d47056a419c4a91a02f19df5e36ab59"
  name = "github.com/newrelic/go-agent"
  packages = [
    ".",
    "internal",
    "internal/cat",
    "internal/jsonx",
    "internal/logger",
    "internal/sysinfo",
    "internal/utilization",
  ]
  pruneopts = "UT"
  revision = "46d73e6be8b4faeee70850d0df829e4fe00d6819"
  version = "v2.1.0"

[[projects]]
  digest = "1:8aa28c7fb16a7b9afb08568f21f06aa869f18e3637f6f024413e45c2e211072b"
  name = "github.com/pborman/uuid"
  packages = ["."]
  pruneopts = "UT"
  revision = "c65b2f87fee37d1c7854c9164a450713c28d50cd"

[[projects]]
  digest = "1:40e195917a951a8bf867cd05de2a46aaf1806c50cf92eebf4c16f78cd196f747"
  name = "github.com/pkg/errors"
  packages = ["."]
  pruneopts = "UT"
  revision = "645ef00459ed84a119197bfb8d8205042c6df63d"
  version = "v0.8.0"

[[projects]]
  digest = "1:0028cb19b2e4c3112225cd871870f2d9cf49b9b4276531f03438a88e94be86fe"
  name = "github.com/pmezard/go-difflib"
  packages = ["difflib"]
  pruneopts = "UT"
  revision = "792786c7400a136282c1664665ae0a8db921c6c2"
  version = "v1.0.0"

[[projects]]
  branch = "master"
  digest = "1:68cecd4c1137f77dfa2db1f13a0ceef2b5606d6b69d66fa69f7df1b2f2fe9afc"
  name = "github.com/shurcooL/httpfs"
  packages = ["vfsutil"]
  pruneopts = "UT"
  revision = "74dc9339e414ad069a8d04bba7e7aafd08043a25"

[[projects]]
  branch = "master"
  digest = "1:98450c86949b8cdc4637b80c1c686ca955e503d3fbae9296d1f49c532895d281"
  name = "github.com/shurcooL/vfsgen"
  packages = ["."]
  pruneopts = "UT"
  revision = "6a9ea43bcacdf716a5c1b38efff722c07adf0069"

[[projects]]
  digest = "1:31538f8d774e8bf2fb9380d2d2a82d69e206a7d0603946586926f1819c546c26"
  name = "github.com/sirupsen/logrus"
  packages = [
    ".",
    "hooks/test",
  ]
  pruneopts = "UT"
  revision = "839c75faf7f98a33d445d181f3018b5c3409a45e"
  version = "v1.4.2"

[[projects]]
  digest = "1:30e06e6d62a1d694e3cdbff29d8a9a96022e05a487d0c6eaf0ef898965ef28fb"
  name = "github.com/soheilhy/cmux"
  packages = ["."]
  pruneopts = "UT"
  revision = "e09e9389d85d8492d313d73d1469c029e710623f"
  version = "v0.1.4"

[[projects]]
  digest = "1:ac83cf90d08b63ad5f7e020ef480d319ae890c208f8524622a2f3136e2686b02"
  name = "github.com/stretchr/objx"
  packages = ["."]
  pruneopts = "UT"
  revision = "477a77ecc69700c7cdeb1fa9e129548e1c1c393c"
  version = "v0.1.1"

[[projects]]
  branch = "master"
  digest = "1:b047f9861fd35de3735cf422402833a635534bb7d0641afa0449e73572152558"
  name = "github.com/stretchr/testify"
  packages = [
    "assert",
    "mock",
    "require",
    "suite",
  ]
  pruneopts = "UT"
  revision = "2db35c88b92a1631e987089b5485a95e68bc5d3a"

[[projects]]
  branch = "master"
  digest = "1:be87c1e6f0a15e5b1c45036b9382cdd63057a8b65e10ff2fe2bda23886a99c6a"
  name = "github.com/tsenart/go-tsz"
  packages = [
    ".",
    "testdata",
  ]
  pruneopts = "UT"
  revision = "0bd30b3df1c328dfc87ed857cdf695c3c7d2cb09"

[[projects]]
  digest = "1:f06cad29ccbaefa5eba382f7b5e442a92170f367f8093a4b39b09b0fbe0277df"
  name = "github.com/tsenart/vegeta"
  packages = [
    "lib",
    "lib/lttb",
    "lib/plot",
  ]
  pruneopts = "UT"
  revision = "c120b942b43950d4237e41f31152706fbc3d4c0d"
  version = "v12.1.0"

[[projects]]
  digest = "1:189a0e6e9c657bb662bafc41a796360d11c88eed7614b1b6f003b8fbc8847e5e"
  name = "github.com/urfave/cli"
  packages = ["."]
  pruneopts = "UT"
  revision = "8e01ec4cd3e2d84ab2fe90d8210528ffbb06d8ff"

[[projects]]
  branch = "master"
  digest = "1:f92f6956e4059f6a3efc14924d2dd58ba90da25cc57fe07ae3779ef2f5e0c5f2"
  name = "golang.org/x/crypto"
  packages = ["pbkdf2"]
  pruneopts = "UT"
  revision = "a29dc8fdc73485234dbef99ebedb95d2eced08de"

[[projects]]
  branch = "master"
  digest = "1:e293a7a3a7c04ddc23fa8d21159a90e7fa7011d793600db10b1159e6a6d62fde"
  name = "golang.org/x/net"
  packages = [
    "http/httpguts",
    "http2",
    "http2/hpack",
    "idna",
  ]
  pruneopts = "UT"
  revision = "c10e9556a7bc0e7c942242b606f0acf024ad5d6a"

[[projects]]
  digest = "1:76b5ca88193bf744f729c2fde12151b24364ffaca3fd092069d9ca2ea6e1f999"
  name = "golang.org/x/sys"
  packages = ["unix"]
  pruneopts = "UT"
  revision = "904bdc257025c7b3f43c19360ad3ab85783fad78"

[[projects]]
  digest = "1:a2ab62866c75542dd18d2b069fec854577a20211d7c0ea6ae746072a1dccdd18"
  name = "golang.org/x/text"
  packages = [
    "collate",
    "collate/build",
    "internal/colltab",
    "internal/gen",
    "internal/tag",
    "internal/triegen",
    "internal/ucd",
    "language",
    "secure/bidirule",
    "transform",
    "unicode/bidi",
    "unicode/cldr",
    "unicode/norm",
    "unicode/rangetable",
  ]
  pruneopts = "UT"
  revision = "f21a4dfb5e38f5895301dc265a8def02365cc3d0"
  version = "v0.3.0"

[[projects]]
  branch = "v2"
  digest = "1:2642fd0b6900c77247d61d80cf2eb59a374ef4ffc2d25a1b95b87dc355b2894e"
  name = "gopkg.in/mgo.v2"
  packages = [
    "bson",
    "internal/json",
  ]
  pruneopts = "UT"
  revision = "9856a29383ce1c59f308dd1cf0363a79b5bef6b5"

[solve-meta]
  analyzer-name = "dep"
  analyzer-version = 1
  input-imports = [
    "github.com/DATA-DOG/go-sqlmock",
    "github.com/aws/aws-sdk-go/aws",
    "github.com/aws/aws-sdk-go/aws/session",
    "github.com/aws/aws-sdk-go/service/cloudwatch",
    "github.com/bgentry/que-go",
    "github.com/cenkalti/backoff",
    "github.com/dgrijalva/jwt-go",
    "github.com/eug48/fhir/models",
    "github.com/go-chi/chi",
    "github.com/go-chi/chi/middleware",
    "github.com/go-chi/render",
    "github.com/jackc/pgx",
    "github.com/jinzhu/gorm",
    "github.com/jinzhu/gorm/dialects/postgres",
    "github.com/lib/pq",
    "github.com/newrelic/go-agent",
    "github.com/pborman/uuid",
    "github.com/pkg/errors",
    "github.com/sirupsen/logrus",
    "github.com/sirupsen/logrus/hooks/test",
    "github.com/soheilhy/cmux",
    "github.com/stretchr/testify/assert",
    "github.com/stretchr/testify/mock",
    "github.com/stretchr/testify/require",
    "github.com/stretchr/testify/suite",
    "github.com/tsenart/vegeta/lib",
    "github.com/tsenart/vegeta/lib/plot",
    "github.com/urfave/cli",
    "golang.org/x/crypto/pbkdf2",
  ]
  solver-name = "gps-cdcl"
  solver-version = 1
