# This file is autogenerated, do not edit; changes may be undone by the next 'dep ensure'.


[[projects]]
  digest = "1:4a41f4ab25813f62cd33d80552ff77ba4b1aab628df82c22b6f34a41d8339b0b"
  name = "github.com/bgentry/que-go"
  packages = ["."]
  pruneopts = "UT"
  revision = "04623be4201ec7abb8d6cd0f172a4c612e216cc4"
  version = "v1.0.1"

[[projects]]
  digest = "1:a2c1d0e43bd3baaa071d1b9ed72c27d78169b2b269f71c105ac4ba34b1be4a39"
  name = "github.com/davecgh/go-spew"
  packages = ["spew"]
  pruneopts = "UT"
  revision = "346938d642f2ec3594ed81d874461961cd0faa76"
  version = "v1.1.0"

[[projects]]
  branch = "master"
  digest = "1:e210d035ad4156d715a4d6f2a8ddd788bf74a992cb7785a925f22f734c6794c5"
  name = "github.com/dgrijalva/jwt-go"
  packages = [
    ".",
    "request",
  ]
  pruneopts = "UT"
  revision = "0b96aaa707760d6ab28d9b9d1913ff5993328bae"

[[projects]]
  branch = "master"
  digest = "1:a209866f1418e0a29b0943198e305e8faca94e246e0f63be64a12a6b084434f2"
  name = "github.com/eug48/fhir"
  packages = [
    "models",
    "utils",
  ]
  pruneopts = "UT"
  revision = "80144968c1019660c3756f38ba233c4a31f6c65c"

[[projects]]
  digest = "1:16d9466813d755a56e1087acf1afc8c0094989fe0c691c2f4e2fbb777bff5208"
  name = "github.com/go-chi/chi"
  packages = [
    ".",
    "middleware",
  ]
  pruneopts = "UT"
  revision = "cca4135d8dddff765463feaf1118047a9e506b4a"

[[projects]]
  digest = "1:e95ccab7a6a9b39ed25607a8334213fa8b88869d721ec87b56f102c516fca075"
  name = "github.com/jackc/pgx"
  packages = [
    ".",
    "chunkreader",
    "internal/sanitize",
    "pgio",
    "pgproto3",
    "pgtype",
  ]
  pruneopts = "UT"
  revision = "39bbc98d99d7b666759f84514859becf8067128f"

[[projects]]
  digest = "1:6895fbe5a10c5aebd1965cac6f6905dcdb21bee01e08912d3ba6a805c2485f6a"
  name = "github.com/jinzhu/gorm"
  packages = [
    ".",
    "dialects/postgres",
  ]
  pruneopts = "UT"
  revision = "6ed508ec6a4ecb3531899a69cbc746ccf65a4166"
  version = "v1.9.1"

[[projects]]
  branch = "master"
  digest = "1:fd97437fbb6b7dce04132cf06775bd258cce305c44add58eb55ca86c6c325160"
  name = "github.com/jinzhu/inflection"
  packages = ["."]
  pruneopts = "UT"
  revision = "04140366298a54a039076d798123ffa108fff46c"

[[projects]]
  digest = "1:2d370ad7a48d3523291ad53a04b9b1510c182880927f800b46221cc465427800"
  name = "github.com/lib/pq"
  packages = [
    ".",
    "hstore",
    "oid",
  ]
  pruneopts = "UT"
  revision = "90697d60dd844d5ef6ff15135d0203f65d2f53b8"

[[projects]]
  digest = "1:8aa28c7fb16a7b9afb08568f21f06aa869f18e3637f6f024413e45c2e211072b"
  name = "github.com/pborman/uuid"
  packages = ["."]
  pruneopts = "UT"
  revision = "c65b2f87fee37d1c7854c9164a450713c28d50cd"

[[projects]]
  digest = "1:40e195917a951a8bf867cd05de2a46aaf1806c50cf92eebf4c16f78cd196f747"
  name = "github.com/pkg/errors"
  packages = ["."]
  pruneopts = "UT"
  revision = "645ef00459ed84a119197bfb8d8205042c6df63d"
  version = "v0.8.0"

[[projects]]
  digest = "1:0028cb19b2e4c3112225cd871870f2d9cf49b9b4276531f03438a88e94be86fe"
  name = "github.com/pmezard/go-difflib"
  packages = ["difflib"]
  pruneopts = "UT"
  revision = "792786c7400a136282c1664665ae0a8db921c6c2"
  version = "v1.0.0"

[[projects]]
  digest = "1:68ae7a24476fe166c77ab60dace5945a0cd0c97bf714f27dd5cb66e5bde7fb82"
  name = "github.com/sirupsen/logrus"
  packages = ["."]
  pruneopts = "UT"
  revision = "d329d24db4313262a3b0a24d8aeb1dc4bd294fb0"

[[projects]]
  digest = "1:ac83cf90d08b63ad5f7e020ef480d319ae890c208f8524622a2f3136e2686b02"
  name = "github.com/stretchr/objx"
  packages = ["."]
  pruneopts = "UT"
  revision = "477a77ecc69700c7cdeb1fa9e129548e1c1c393c"
  version = "v0.1.1"

[[projects]]
  branch = "master"
  digest = "1:b047f9861fd35de3735cf422402833a635534bb7d0641afa0449e73572152558"
  name = "github.com/stretchr/testify"
  packages = [
    "assert",
    "mock",
    "require",
    "suite",
  ]
  pruneopts = "UT"
  revision = "2db35c88b92a1631e987089b5485a95e68bc5d3a"

[[projects]]
  digest = "1:189a0e6e9c657bb662bafc41a796360d11c88eed7614b1b6f003b8fbc8847e5e"
  name = "github.com/urfave/cli"
  packages = ["."]
  pruneopts = "UT"
  revision = "8e01ec4cd3e2d84ab2fe90d8210528ffbb06d8ff"

[[projects]]
  digest = "1:3f3a05ae0b95893d90b9b3b5afdb79a9b3d96e4e36e099d841ae602e4aca0da8"
  name = "golang.org/x/crypto"
  packages = ["ssh/terminal"]
  pruneopts = "UT"
  revision = "a49355c7e3f8fe157a85be2f77e6e269a0f89602"

[[projects]]
  digest = "1:4d16433c0d2c24761b8a507e8c2e9c8cf9193b497d6b38aaeffca038070bc8f5"
  name = "golang.org/x/sys"
  packages = [
    "unix",
    "windows",
  ]
  pruneopts = "UT"
  revision = "904bdc257025c7b3f43c19360ad3ab85783fad78"

[[projects]]
  branch = "v2"
  digest = "1:2642fd0b6900c77247d61d80cf2eb59a374ef4ffc2d25a1b95b87dc355b2894e"
  name = "gopkg.in/mgo.v2"
  packages = [
    "bson",
    "internal/json",
  ]
  pruneopts = "UT"
  revision = "9856a29383ce1c59f308dd1cf0363a79b5bef6b5"

[solve-meta]
  analyzer-name = "dep"
  analyzer-version = 1
  input-imports = [
    "github.com/bgentry/que-go",
    "github.com/dgrijalva/jwt-go",
    "github.com/dgrijalva/jwt-go/request",
    "github.com/eug48/fhir/models",
    "github.com/go-chi/chi",
    "github.com/go-chi/chi/middleware",
    "github.com/jackc/pgx",
    "github.com/jinzhu/gorm",
    "github.com/jinzhu/gorm/dialects/postgres",
    "github.com/lib/pq",
    "github.com/pborman/uuid",
    "github.com/sirupsen/logrus",
    "github.com/stretchr/testify/assert",
    "github.com/stretchr/testify/mock",
    "github.com/stretchr/testify/suite",
    "github.com/urfave/cli",
  ]
  solver-name = "gps-cdcl"
  solver-version = 1
