github.com/ccoveille/go-safecast v1.1.0 h1:iHKNWaZm+OznO7Eh6EljXPjGfGQsSfa6/sxPlIEKO+g=
github.com/ccoveille/go-safecast v1.1.0/go.mod h1:QqwNjxQ7DAqY0C721OIO9InMk9zCwcsO7tnRuHytad8=
github.com/pkg/errors v0.9.1 h1:FEBLx1zS214owpjy7qsBeixbURkuhQAwrK5UwLGTwt4=
github.com/pkg/errors v0.9.1/go.mod h1:bwawxfHBFNV+L2hUp1rHADufV3IMtnDRdf1r5NINEl0=
